
Microsoft Visual Studio Solution File, Format Version 12.00
# Visual Studio Version 17
VisualStudioVersion = 17.13.35919.96 d17.13
MinimumVisualStudioVersion = 10.0.40219.1
Project("{FAE04EC0-301F-11D3-BF4B-00C04F79EFBC}") = "Practica9", "Practica9\Practica9.csproj", "{4BA0E90E-F918-47AC-9111-DD32660DFC1E}"
EndProject
Global
	GlobalSection(SolutionConfigurationPlatforms) = preSolution
		Debug|Any CPU = Debug|Any CPU
		Release|Any CPU = Release|Any CPU
	EndGlobalSection
	GlobalSection(ProjectConfigurationPlatforms) = postSolution
		{4BA0E90E-F918-47AC-9111-DD32660DFC1E}.Debug|Any CPU.ActiveCfg = Debug|Any CPU
		{4BA0E90E-F918-47AC-9111-DD32660DFC1E}.Debug|Any CPU.Build.0 = Debug|Any CPU
		{4BA0E90E-F918-47AC-9111-DD32660DFC1E}.Release|Any CPU.ActiveCfg = Release|Any CPU
		{4BA0E90E-F918-47AC-9111-DD32660DFC1E}.Release|Any CPU.Build.0 = Release|Any CPU
	EndGlobalSection
	GlobalSection(SolutionProperties) = preSolution
		HideSolutionNode = FALSE
	EndGlobalSection
	GlobalSection(ExtensibilityGlobals) = postSolution
		SolutionGuid = {F8ACF3FE-25B5-44C3-8C61-9057991A76DD}
	EndGlobalSection
EndGlobal
